
Microsoft Visual Studio Solution File, Format Version 12.00
# Visual Studio 14
VisualStudioVersion = 14.0.25420.1
MinimumVisualStudioVersion = 10.0.40219.1
Project("{FAE04EC0-301F-11D3-BF4B-00C04F79EFBC}") = "MonoGameManager2015", "MonoGameManager2015\MonoGameManager2015.csproj", "{6297A349-6875-4971-B9FB-CCCCA1BD2D32}"
EndProject
Global
	GlobalSection(SolutionConfigurationPlatforms) = preSolution
		Debug|Any CPU = Debug|Any CPU
		Release|Any CPU = Release|Any CPU
	EndGlobalSection
	GlobalSection(ProjectConfigurationPlatforms) = postSolution
		{6297A349-6875-4971-B9FB-CCCCA1BD2D32}.Debug|Any CPU.ActiveCfg = Debug|Any CPU
		{6297A349-6875-4971-B9FB-CCCCA1BD2D32}.Debug|Any CPU.Build.0 = Debug|Any CPU
		{6297A349-6875-4971-B9FB-CCCCA1BD2D32}.Release|Any CPU.ActiveCfg = Release|Any CPU
		{6297A349-6875-4971-B9FB-CCCCA1BD2D32}.Release|Any CPU.Build.0 = Release|Any CPU
	EndGlobalSection
	GlobalSection(SolutionProperties) = preSolution
		HideSolutionNode = FALSE
	EndGlobalSection
EndGlobal
